// !$*UTF8*$!
{
	archiveVersion = 1;
	classes = {
	};
	objectVersion = 50;
	objects = {

/* Begin PBXBuildFile section */
		9F159A62219763C8006D19FE /* BluetoothSerial.swift in Sources */ = {isa = PBXBuildFile; fileRef = 9F159A61219763C8006D19FE /* BluetoothSerial.swift */; };
		9F159A6421976F94006D19FE /* Sentences.swift in Sources */ = {isa = PBXBuildFile; fileRef = 9F159A6321976F94006D19FE /* Sentences.swift */; };
		9F159A6721976FB9006D19FE /* StringExtensions.swift in Sources */ = {isa = PBXBuildFile; fileRef = 9F159A6621976FB9006D19FE /* StringExtensions.swift */; };
		9F159A69219787DF006D19FE /* Beacon.swift in Sources */ = {isa = PBXBuildFile; fileRef = 9F159A68219787DF006D19FE /* Beacon.swift */; };
		9F159A6B2197BA07006D19FE /* welcome.mp3 in Resources */ = {isa = PBXBuildFile; fileRef = 9F159A6A2197BA07006D19FE /* welcome.mp3 */; };
		9F159A702197BC18006D19FE /* beep.mp3 in Resources */ = {isa = PBXBuildFile; fileRef = 9F159A6F2197BC18006D19FE /* beep.mp3 */; };
		9FBBBE3721970CE200EC4925 /* AppDelegate.swift in Sources */ = {isa = PBXBuildFile; fileRef = 9FBBBE3621970CE200EC4925 /* AppDelegate.swift */; };
		9FBBBE3921970CE200EC4925 /* HomeViewController.swift in Sources */ = {isa = PBXBuildFile; fileRef = 9FBBBE3821970CE200EC4925 /* HomeViewController.swift */; };
		9FBBBE3C21970CE200EC4925 /* Main.storyboard in Resources */ = {isa = PBXBuildFile; fileRef = 9FBBBE3A21970CE200EC4925 /* Main.storyboard */; };
		9FBBBE3E21970CE400EC4925 /* Assets.xcassets in Resources */ = {isa = PBXBuildFile; fileRef = 9FBBBE3D21970CE400EC4925 /* Assets.xcassets */; };
		9FBBBE4121970CE400EC4925 /* LaunchScreen.storyboard in Resources */ = {isa = PBXBuildFile; fileRef = 9FBBBE3F21970CE400EC4925 /* LaunchScreen.storyboard */; };
		9FBBBE4A2197155600EC4925 /* Item.swift in Sources */ = {isa = PBXBuildFile; fileRef = 9FBBBE492197155600EC4925 /* Item.swift */; };
		9FBBBE4D2197208100EC4925 /* MagicGlove.swift in Sources */ = {isa = PBXBuildFile; fileRef = 9FBBBE4C2197208100EC4925 /* MagicGlove.swift */; };
		9FBBBE4F2197500D00EC4925 /* Levenshtein.swift in Sources */ = {isa = PBXBuildFile; fileRef = 9FBBBE4E2197500D00EC4925 /* Levenshtein.swift */; };
/* End PBXBuildFile section */

/* Begin PBXFileReference section */
		9F159A61219763C8006D19FE /* BluetoothSerial.swift */ = {isa = PBXFileReference; lastKnownFileType = sourcecode.swift; path = BluetoothSerial.swift; sourceTree = "<group>"; };
		9F159A6321976F94006D19FE /* Sentences.swift */ = {isa = PBXFileReference; lastKnownFileType = sourcecode.swift; path = Sentences.swift; sourceTree = "<group>"; };
		9F159A6621976FB9006D19FE /* StringExtensions.swift */ = {isa = PBXFileReference; lastKnownFileType = sourcecode.swift; path = StringExtensions.swift; sourceTree = "<group>"; };
		9F159A68219787DF006D19FE /* Beacon.swift */ = {isa = PBXFileReference; lastKnownFileType = sourcecode.swift; path = Beacon.swift; sourceTree = "<group>"; };
		9F159A6A2197BA07006D19FE /* welcome.mp3 */ = {isa = PBXFileReference; lastKnownFileType = audio.mp3; path = welcome.mp3; sourceTree = "<group>"; };
		9F159A6F2197BC18006D19FE /* beep.mp3 */ = {isa = PBXFileReference; lastKnownFileType = audio.mp3; path = beep.mp3; sourceTree = "<group>"; };
		9FBBBE3321970CE200EC4925 /* MagicGlove.app */ = {isa = PBXFileReference; explicitFileType = wrapper.application; includeInIndex = 0; path = MagicGlove.app; sourceTree = BUILT_PRODUCTS_DIR; };
		9FBBBE3621970CE200EC4925 /* AppDelegate.swift */ = {isa = PBXFileReference; lastKnownFileType = sourcecode.swift; path = AppDelegate.swift; sourceTree = "<group>"; };
		9FBBBE3821970CE200EC4925 /* HomeViewController.swift */ = {isa = PBXFileReference; lastKnownFileType = sourcecode.swift; path = HomeViewController.swift; sourceTree = "<group>"; };
		9FBBBE3B21970CE200EC4925 /* Base */ = {isa = PBXFileReference; lastKnownFileType = file.storyboard; name = Base; path = Base.lproj/Main.storyboard; sourceTree = "<group>"; };
		9FBBBE3D21970CE400EC4925 /* Assets.xcassets */ = {isa = PBXFileReference; lastKnownFileType = folder.assetcatalog; path = Assets.xcassets; sourceTree = "<group>"; };
		9FBBBE4021970CE400EC4925 /* Base */ = {isa = PBXFileReference; lastKnownFileType = file.storyboard; name = Base; path = Base.lproj/LaunchScreen.storyboard; sourceTree = "<group>"; };
		9FBBBE4221970CE400EC4925 /* Info.plist */ = {isa = PBXFileReference; lastKnownFileType = text.plist.xml; path = Info.plist; sourceTree = "<group>"; };
		9FBBBE492197155600EC4925 /* Item.swift */ = {isa = PBXFileReference; lastKnownFileType = sourcecode.swift; path = Item.swift; sourceTree = "<group>"; };
		9FBBBE4C2197208100EC4925 /* MagicGlove.swift */ = {isa = PBXFileReference; lastKnownFileType = sourcecode.swift; path = MagicGlove.swift; sourceTree = "<group>"; };
		9FBBBE4E2197500D00EC4925 /* Levenshtein.swift */ = {isa = PBXFileReference; lastKnownFileType = sourcecode.swift; path = Levenshtein.swift; sourceTree = "<group>"; };
/* End PBXFileReference section */

/* Begin PBXFrameworksBuildPhase section */
		9FBBBE3021970CE200EC4925 /* Frameworks */ = {
			isa = PBXFrameworksBuildPhase;
			buildActionMask = 2147483647;
			files = (
			);
			runOnlyForDeploymentPostprocessing = 0;
		};
/* End PBXFrameworksBuildPhase section */

/* Begin PBXGroup section */
		9F159A6021976399006D19FE /* Bluetooth */ = {
			isa = PBXGroup;
			children = (
				9F159A61219763C8006D19FE /* BluetoothSerial.swift */,
			);
			path = Bluetooth;
			sourceTree = "<group>";
		};
		9F159A6521976FAD006D19FE /* Extensions */ = {
			isa = PBXGroup;
			children = (
				9F159A6621976FB9006D19FE /* StringExtensions.swift */,
			);
			path = Extensions;
			sourceTree = "<group>";
		};
		9F159A6C2197BA7A006D19FE /* Utils */ = {
			isa = PBXGroup;
			children = (
			);
			path = Utils;
			sourceTree = "<group>";
		};
		9FBBBE2A21970CE200EC4925 = {
			isa = PBXGroup;
			children = (
				9FBBBE3521970CE200EC4925 /* MagicGlove */,
				9FBBBE3421970CE200EC4925 /* Products */,
			);
			sourceTree = "<group>";
		};
		9FBBBE3421970CE200EC4925 /* Products */ = {
			isa = PBXGroup;
			children = (
				9FBBBE3321970CE200EC4925 /* MagicGlove.app */,
			);
			name = Products;
			sourceTree = "<group>";
		};
		9FBBBE3521970CE200EC4925 /* MagicGlove */ = {
			isa = PBXGroup;
			children = (
				9F159A6C2197BA7A006D19FE /* Utils */,
				9F159A6521976FAD006D19FE /* Extensions */,
				9F159A6021976399006D19FE /* Bluetooth */,
				9FBBBE4B2197206A00EC4925 /* Speech */,
				9FBBBE482197154600EC4925 /* Model */,
				9FBBBE3621970CE200EC4925 /* AppDelegate.swift */,
				9FBBBE3821970CE200EC4925 /* HomeViewController.swift */,
				9FBBBE3A21970CE200EC4925 /* Main.storyboard */,
				9F159A6A2197BA07006D19FE /* welcome.mp3 */,
				9F159A6F2197BC18006D19FE /* beep.mp3 */,
				9FBBBE3D21970CE400EC4925 /* Assets.xcassets */,
				9FBBBE3F21970CE400EC4925 /* LaunchScreen.storyboard */,
				9FBBBE4221970CE400EC4925 /* Info.plist */,
			);
			path = MagicGlove;
			sourceTree = "<group>";
		};
		9FBBBE482197154600EC4925 /* Model */ = {
			isa = PBXGroup;
			children = (
				9FBBBE492197155600EC4925 /* Item.swift */,
				9F159A6321976F94006D19FE /* Sentences.swift */,
				9F159A68219787DF006D19FE /* Beacon.swift */,
			);
			path = Model;
			sourceTree = "<group>";
		};
		9FBBBE4B2197206A00EC4925 /* Speech */ = {
			isa = PBXGroup;
			children = (
				9FBBBE4C2197208100EC4925 /* MagicGlove.swift */,
				9FBBBE4E2197500D00EC4925 /* Levenshtein.swift */,
			);
			path = Speech;
			sourceTree = "<group>";
		};
/* End PBXGroup section */

/* Begin PBXNativeTarget section */
		9FBBBE3221970CE200EC4925 /* MagicGlove */ = {
			isa = PBXNativeTarget;
			buildConfigurationList = 9FBBBE4521970CE400EC4925 /* Build configuration list for PBXNativeTarget "MagicGlove" */;
			buildPhases = (
				9FBBBE2F21970CE200EC4925 /* Sources */,
				9FBBBE3021970CE200EC4925 /* Frameworks */,
				9FBBBE3121970CE200EC4925 /* Resources */,
			);
			buildRules = (
			);
			dependencies = (
			);
			name = MagicGlove;
			productName = MagicGlove;
			productReference = 9FBBBE3321970CE200EC4925 /* MagicGlove.app */;
			productType = "com.apple.product-type.application";
		};
/* End PBXNativeTarget section */

/* Begin PBXProject section */
		9FBBBE2B21970CE200EC4925 /* Project object */ = {
			isa = PBXProject;
			attributes = {
				LastSwiftUpdateCheck = 1010;
				LastUpgradeCheck = 1010;
				ORGANIZATIONNAME = possebon;
				TargetAttributes = {
					9FBBBE3221970CE200EC4925 = {
						CreatedOnToolsVersion = 10.1;
					};
				};
			};
			buildConfigurationList = 9FBBBE2E21970CE200EC4925 /* Build configuration list for PBXProject "MagicGlove" */;
			compatibilityVersion = "Xcode 9.3";
			developmentRegion = en;
			hasScannedForEncodings = 0;
			knownRegions = (
				en,
				Base,
			);
			mainGroup = 9FBBBE2A21970CE200EC4925;
			productRefGroup = 9FBBBE3421970CE200EC4925 /* Products */;
			projectDirPath = "";
			projectRoot = "";
			targets = (
				9FBBBE3221970CE200EC4925 /* MagicGlove */,
			);
		};
/* End PBXProject section */

/* Begin PBXResourcesBuildPhase section */
		9FBBBE3121970CE200EC4925 /* Resources */ = {
			isa = PBXResourcesBuildPhase;
			buildActionMask = 2147483647;
			files = (
				9FBBBE4121970CE400EC4925 /* LaunchScreen.storyboard in Resources */,
				9F159A702197BC18006D19FE /* beep.mp3 in Resources */,
				9F159A6B2197BA07006D19FE /* welcome.mp3 in Resources */,
				9FBBBE3E21970CE400EC4925 /* Assets.xcassets in Resources */,
				9FBBBE3C21970CE200EC4925 /* Main.storyboard in Resources */,
			);
			runOnlyForDeploymentPostprocessing = 0;
		};
/* End PBXResourcesBuildPhase section */

/* Begin PBXSourcesBuildPhase section */
		9FBBBE2F21970CE200EC4925 /* Sources */ = {
			isa = PBXSourcesBuildPhase;
			buildActionMask = 2147483647;
			files = (
				9F159A6721976FB9006D19FE /* StringExtensions.swift in Sources */,
				9FBBBE3921970CE200EC4925 /* HomeViewController.swift in Sources */,
				9FBBBE4D2197208100EC4925 /* MagicGlove.swift in Sources */,
				9F159A62219763C8006D19FE /* BluetoothSerial.swift in Sources */,
				9FBBBE4A2197155600EC4925 /* Item.swift in Sources */,
				9F159A69219787DF006D19FE /* Beacon.swift in Sources */,
				9FBBBE3721970CE200EC4925 /* AppDelegate.swift in Sources */,
				9F159A6421976F94006D19FE /* Sentences.swift in Sources */,
				9FBBBE4F2197500D00EC4925 /* Levenshtein.swift in Sources */,
			);
			runOnlyForDeploymentPostprocessing = 0;
		};
/* End PBXSourcesBuildPhase section */

/* Begin PBXVariantGroup section */
		9FBBBE3A21970CE200EC4925 /* Main.storyboard */ = {
			isa = PBXVariantGroup;
			children = (
				9FBBBE3B21970CE200EC4925 /* Base */,
			);
			name = Main.storyboard;
			sourceTree = "<group>";
		};
		9FBBBE3F21970CE400EC4925 /* LaunchScreen.storyboard */ = {
			isa = PBXVariantGroup;
			children = (
				9FBBBE4021970CE400EC4925 /* Base */,
			);
			name = LaunchScreen.storyboard;
			sourceTree = "<group>";
		};
/* End PBXVariantGroup section */

/* Begin XCBuildConfiguration section */
		9FBBBE4321970CE400EC4925 /* Debug */ = {
			isa = XCBuildConfiguration;
			buildSettings = {
				ALWAYS_SEARCH_USER_PATHS = NO;
				CLANG_ANALYZER_NONNULL = YES;
				CLANG_ANALYZER_NUMBER_OBJECT_CONVERSION = YES_AGGRESSIVE;
				CLANG_CXX_LANGUAGE_STANDARD = "gnu++14";
				CLANG_CXX_LIBRARY = "libc++";
				CLANG_ENABLE_MODULES = YES;
				CLANG_ENABLE_OBJC_ARC = YES;
				CLANG_ENABLE_OBJC_WEAK = YES;
				CLANG_WARN_BLOCK_CAPTURE_AUTORELEASING = YES;
				CLANG_WARN_BOOL_CONVERSION = YES;
				CLANG_WARN_COMMA = YES;
				CLANG_WARN_CONSTANT_CONVERSION = YES;
				CLANG_WARN_DEPRECATED_OBJC_IMPLEMENTATIONS = YES;
				CLANG_WARN_DIRECT_OBJC_ISA_USAGE = YES_ERROR;
				CLANG_WARN_DOCUMENTATION_COMMENTS = YES;
				CLANG_WARN_EMPTY_BODY = YES;
				CLANG_WARN_ENUM_CONVERSION = YES;
				CLANG_WARN_INFINITE_RECURSION = YES;
				CLANG_WARN_INT_CONVERSION = YES;
				CLANG_WARN_NON_LITERAL_NULL_CONVERSION = YES;
				CLANG_WARN_OBJC_IMPLICIT_RETAIN_SELF = YES;
				CLANG_WARN_OBJC_LITERAL_CONVERSION = YES;
				CLANG_WARN_OBJC_ROOT_CLASS = YES_ERROR;
				CLANG_WARN_RANGE_LOOP_ANALYSIS = YES;
				CLANG_WARN_STRICT_PROTOTYPES = YES;
				CLANG_WARN_SUSPICIOUS_MOVE = YES;
				CLANG_WARN_UNGUARDED_AVAILABILITY = YES_AGGRESSIVE;
				CLANG_WARN_UNREACHABLE_CODE = YES;
				CLANG_WARN__DUPLICATE_METHOD_MATCH = YES;
				CODE_SIGN_IDENTITY = "iPhone Developer";
				COPY_PHASE_STRIP = NO;
				DEBUG_INFORMATION_FORMAT = dwarf;
				ENABLE_STRICT_OBJC_MSGSEND = YES;
				ENABLE_TESTABILITY = YES;
				GCC_C_LANGUAGE_STANDARD = gnu11;
				GCC_DYNAMIC_NO_PIC = NO;
				GCC_NO_COMMON_BLOCKS = YES;
				GCC_OPTIMIZATION_LEVEL = 0;
				GCC_PREPROCESSOR_DEFINITIONS = (
					"DEBUG=1",
					"$(inherited)",
				);
				GCC_WARN_64_TO_32_BIT_CONVERSION = YES;
				GCC_WARN_ABOUT_RETURN_TYPE = YES_ERROR;
				GCC_WARN_UNDECLARED_SELECTOR = YES;
				GCC_WARN_UNINITIALIZED_AUTOS = YES_AGGRESSIVE;
				GCC_WARN_UNUSED_FUNCTION = YES;
				GCC_WARN_UNUSED_VARIABLE = YES;
				IPHONEOS_DEPLOYMENT_TARGET = 12.1;
				MTL_ENABLE_DEBUG_INFO = INCLUDE_SOURCE;
				MTL_FAST_MATH = YES;
				ONLY_ACTIVE_ARCH = YES;
				SDKROOT = iphoneos;
				SWIFT_ACTIVE_COMPILATION_CONDITIONS = DEBUG;
				SWIFT_OPTIMIZATION_LEVEL = "-Onone";
			};
			name = Debug;
		};
		9FBBBE4421970CE400EC4925 /* Release */ = {
			isa = XCBuildConfiguration;
			buildSettings = {
				ALWAYS_SEARCH_USER_PATHS = NO;
				CLANG_ANALYZER_NONNULL = YES;
				CLANG_ANALYZER_NUMBER_OBJECT_CONVERSION = YES_AGGRESSIVE;
				CLANG_CXX_LANGUAGE_STANDARD = "gnu++14";
				CLANG_CXX_LIBRARY = "libc++";
				CLANG_ENABLE_MODULES = YES;
				CLANG_ENABLE_OBJC_ARC = YES;
				CLANG_ENABLE_OBJC_WEAK = YES;
				CLANG_WARN_BLOCK_CAPTURE_AUTORELEASING = YES;
				CLANG_WARN_BOOL_CONVERSION = YES;
				CLANG_WARN_COMMA = YES;
				CLANG_WARN_CONSTANT_CONVERSION = YES;
				CLANG_WARN_DEPRECATED_OBJC_IMPLEMENTATIONS = YES;
				CLANG_WARN_DIRECT_OBJC_ISA_USAGE = YES_ERROR;
				CLANG_WARN_DOCUMENTATION_COMMENTS = YES;
				CLANG_WARN_EMPTY_BODY = YES;
				CLANG_WARN_ENUM_CONVERSION = YES;
				CLANG_WARN_INFINITE_RECURSION = YES;
				CLANG_WARN_INT_CONVERSION = YES;
				CLANG_WARN_NON_LITERAL_NULL_CONVERSION = YES;
				CLANG_WARN_OBJC_IMPLICIT_RETAIN_SELF = YES;
				CLANG_WARN_OBJC_LITERAL_CONVERSION = YES;
				CLANG_WARN_OBJC_ROOT_CLASS = YES_ERROR;
				CLANG_WARN_RANGE_LOOP_ANALYSIS = YES;
				CLANG_WARN_STRICT_PROTOTYPES = YES;
				CLANG_WARN_SUSPICIOUS_MOVE = YES;
				CLANG_WARN_UNGUARDED_AVAILABILITY = YES_AGGRESSIVE;
				CLANG_WARN_UNREACHABLE_CODE = YES;
				CLANG_WARN__DUPLICATE_METHOD_MATCH = YES;
				CODE_SIGN_IDENTITY = "iPhone Developer";
				COPY_PHASE_STRIP = NO;
				DEBUG_INFORMATION_FORMAT = "dwarf-with-dsym";
				ENABLE_NS_ASSERTIONS = NO;
				ENABLE_STRICT_OBJC_MSGSEND = YES;
				GCC_C_LANGUAGE_STANDARD = gnu11;
				GCC_NO_COMMON_BLOCKS = YES;
				GCC_WARN_64_TO_32_BIT_CONVERSION = YES;
				GCC_WARN_ABOUT_RETURN_TYPE = YES_ERROR;
				GCC_WARN_UNDECLARED_SELECTOR = YES;
				GCC_WARN_UNINITIALIZED_AUTOS = YES_AGGRESSIVE;
				GCC_WARN_UNUSED_FUNCTION = YES;
				GCC_WARN_UNUSED_VARIABLE = YES;
				IPHONEOS_DEPLOYMENT_TARGET = 12.1;
				MTL_ENABLE_DEBUG_INFO = NO;
				MTL_FAST_MATH = YES;
				SDKROOT = iphoneos;
				SWIFT_COMPILATION_MODE = wholemodule;
				SWIFT_OPTIMIZATION_LEVEL = "-O";
				VALIDATE_PRODUCT = YES;
			};
			name = Release;
		};
		9FBBBE4621970CE400EC4925 /* Debug */ = {
			isa = XCBuildConfiguration;
			buildSettings = {
				ASSETCATALOG_COMPILER_APPICON_NAME = AppIcon;
				CODE_SIGN_STYLE = Automatic;
				DEVELOPMENT_TEAM = MY789Q7PK7;
				INFOPLIST_FILE = MagicGlove/Info.plist;
				LD_RUNPATH_SEARCH_PATHS = (
					"$(inherited)",
					"@executable_path/Frameworks",
				);
				PRODUCT_BUNDLE_IDENTIFIER = com.giovane.MagicGlove;
				PRODUCT_NAME = "$(TARGET_NAME)";
				SWIFT_VERSION = 4.2;
				TARGETED_DEVICE_FAMILY = "1,2";
			};
			name = Debug;
		};
		9FBBBE4721970CE400EC4925 /* Release */ = {
			isa = XCBuildConfiguration;
			buildSettings = {
				ASSETCATALOG_COMPILER_APPICON_NAME = AppIcon;
				CODE_SIGN_STYLE = Automatic;
				DEVELOPMENT_TEAM = MY789Q7PK7;
				INFOPLIST_FILE = MagicGlove/Info.plist;
				LD_RUNPATH_SEARCH_PATHS = (
					"$(inherited)",
					"@executable_path/Frameworks",
				);
				PRODUCT_BUNDLE_IDENTIFIER = com.giovane.MagicGlove;
				PRODUCT_NAME = "$(TARGET_NAME)";
				SWIFT_VERSION = 4.2;
				TARGETED_DEVICE_FAMILY = "1,2";
			};
			name = Release;
		};
/* End XCBuildConfiguration section */

/* Begin XCConfigurationList section */
		9FBBBE2E21970CE200EC4925 /* Build configuration list for PBXProject "MagicGlove" */ = {
			isa = XCConfigurationList;
			buildConfigurations = (
				9FBBBE4321970CE400EC4925 /* Debug */,
				9FBBBE4421970CE400EC4925 /* Release */,
			);
			defaultConfigurationIsVisible = 0;
			defaultConfigurationName = Release;
		};
		9FBBBE4521970CE400EC4925 /* Build configuration list for PBXNativeTarget "MagicGlove" */ = {
			isa = XCConfigurationList;
			buildConfigurations = (
				9FBBBE4621970CE400EC4925 /* Debug */,
				9FBBBE4721970CE400EC4925 /* Release */,
			);
			defaultConfigurationIsVisible = 0;
			defaultConfigurationName = Release;
		};
/* End XCConfigurationList section */
	};
	rootObject = 9FBBBE2B21970CE200EC4925 /* Project object */;
}
